# This file is generated by running "yarn install" inside your project.
# Manual changes might be lost - proceed with caution!

__metadata:
  version: 6
  cacheKey: 8

"@incubateur-ademe/modele-numerique@workspace:.":
  version: 0.0.0-use.local
  resolution: "@incubateur-ademe/modele-numerique@workspace:."
  dependencies:
    "@incubateur-ademe/publicodes-tools": ^0.2.1
    publicodes: ^1.0.0-beta.71
  languageName: unknown
  linkType: soft

"@incubateur-ademe/publicodes-tools@npm:^0.2.1":
  version: 0.2.1
  resolution: "@incubateur-ademe/publicodes-tools@npm:0.2.1"
  dependencies:
    "@types/node": ^18.11.18
    publicodes: ^1.0.0-beta.71
  checksum: 071242c251f933665887fec0b881c2f67a850bcad6bb1d6cfc6da482edce1291dd7894330a533173b7a6bfb2ee385202d5a4b8109f150d9933dc2252299db08c
  languageName: node
  linkType: hard

"@types/node@npm:^18.11.18":
  version: 18.17.12
  resolution: "@types/node@npm:18.17.12"
  checksum: 79f8bcca3067a3c529f30e172df8d14f25ab9e4cd6a05ed897a924ab1dec774e8ea172ef5c4a67ffec433d423a0c81778f17db22606d574bc83871b60aab298e
  languageName: node
  linkType: hard

"publicodes@npm:^1.0.0-beta.71":
  version: 1.0.0-beta.71
  resolution: "publicodes@npm:1.0.0-beta.71"
  peerDependencies:
    "@types/mocha": ^9.0.0
  checksum: 2315768fb22136b7f33fa1fa1295ccefa7fef038a0cc6c79cd7cf80da160bce93392cbd5c68d54990efe36b7bcd1269a8a979bbe876b34aa696d756cde2b9363
  languageName: node
  linkType: hard
